// !$*UTF8*$!
{
	archiveVersion = 1;
	classes = {
	};
	objectVersion = 46;
	objects = {

/* Begin PBXAggregateTarget section */
		413FA82D001E44C29816250C /* ALL_BUILD */ = {
			isa = PBXAggregateTarget;
			buildConfigurationList = 4B49847C134945BEBE9BA365 /* Build configuration list for PBXAggregateTarget "ALL_BUILD" */;
			buildPhases = (
				1AED17A2E7734CEAA4A3959F /* CMake Rules */,
			);
			dependencies = (
				52936816777D46D2A070C1AB /* PBXTargetDependency */,
				AF66D97908BC4C078E71F03B /* PBXTargetDependency */,
			);
			name = ALL_BUILD;
			productName = ALL_BUILD;
		};
		58AA60F934A44821B23CFB7A /* ZERO_CHECK */ = {
			isa = PBXAggregateTarget;
			buildConfigurationList = 9B56655D23A24D318FEEDF7A /* Build configuration list for PBXAggregateTarget "ZERO_CHECK" */;
			buildPhases = (
				F244FBDADF874EF39FFE4AC6 /* CMake Rules */,
			);
			dependencies = (
			);
			name = ZERO_CHECK;
			productName = ZERO_CHECK;
		};
/* End PBXAggregateTarget section */

/* Begin PBXBuildFile section */
		56638954223F50FF000579E8 /* render.cpp in Sources */ = {isa = PBXBuildFile; fileRef = 74D1C9979D6D4A30BC5F7A54 /* render.cpp */; };
/* End PBXBuildFile section */

/* Begin PBXContainerItemProxy section */
		43468CEC0ADF4E03B28F0461 /* PBXContainerItemProxy */ = {
			isa = PBXContainerItemProxy;
			containerPortal = F28D5DC7098C4F4A9492F774 /* Project object */;
			proxyType = 1;
			remoteGlobalIDString = 58AA60F934A44821B23CFB7A;
			remoteInfo = ZERO_CHECK;
		};
		51C7C21AB39347B2B4B471BD /* PBXContainerItemProxy */ = {
			isa = PBXContainerItemProxy;
			containerPortal = F28D5DC7098C4F4A9492F774 /* Project object */;
			proxyType = 1;
			remoteGlobalIDString = 869C2BBFC3384E07918C85D0;
			remoteInfo = Staurn;
		};
		84F837B1EACC4F5AB2F7188A /* PBXContainerItemProxy */ = {
			isa = PBXContainerItemProxy;
			containerPortal = F28D5DC7098C4F4A9492F774 /* Project object */;
			proxyType = 1;
			remoteGlobalIDString = 58AA60F934A44821B23CFB7A;
			remoteInfo = ZERO_CHECK;
		};
/* End PBXContainerItemProxy section */

/* Begin PBXFileReference section */
		0013CD935EBB4870A4DDE632 /* Staurn */ = {isa = PBXFileReference; explicitFileType = "compiled.mach-o.executable"; path = Staurn; sourceTree = BUILT_PRODUCTS_DIR; };
		56170CFD224001C800A36C95 /* camera.h */ = {isa = PBXFileReference; fileEncoding = 4; lastKnownFileType = sourcecode.c.h; path = camera.h; sourceTree = "<group>"; };
		56170CFE2240021400A36C95 /* matrix.h */ = {isa = PBXFileReference; fileEncoding = 4; lastKnownFileType = sourcecode.c.h; path = matrix.h; sourceTree = "<group>"; };
		56638952223F50EE000579E8 /* data.h */ = {isa = PBXFileReference; fileEncoding = 4; lastKnownFileType = sourcecode.c.h; path = data.h; sourceTree = "<group>"; };
		56638953223F50EF000579E8 /* draw.h */ = {isa = PBXFileReference; fileEncoding = 4; lastKnownFileType = sourcecode.c.h; path = draw.h; sourceTree = "<group>"; };
		57FDF514942F42BEAF3DB280 /* CMakeLists.txt */ = {isa = PBXFileReference; explicitFileType = sourcecode.text; fileEncoding = 4; lastKnownFileType = text; path = CMakeLists.txt; sourceTree = SOURCE_ROOT; };
		74D1C9979D6D4A30BC5F7A54 /* render.cpp */ = {isa = PBXFileReference; explicitFileType = sourcecode.cpp.cpp; fileEncoding = 4; path = render.cpp; sourceTree = SOURCE_ROOT; };
		A7883CF43A904782809A5ECF /* CMakeLists.txt */ = {isa = PBXFileReference; explicitFileType = sourcecode.text; fileEncoding = 4; lastKnownFileType = text; path = CMakeLists.txt; sourceTree = SOURCE_ROOT; };
/* End PBXFileReference section */

/* Begin PBXGroup section */
		3E7FC0EA4AC6486D93DCCFC8 /* ALL_BUILD */ = {
			isa = PBXGroup;
			children = (
				D46D0B33D7524DE385A6AFB6 /* CMake Rules */,
				57FDF514942F42BEAF3DB280 /* CMakeLists.txt */,
			);
			name = ALL_BUILD;
			sourceTree = "<group>";
		};
		737AE379A43448218C8690D9 /* Staurn */ = {
			isa = PBXGroup;
			children = (
				C812C52BB2604AA3ABE3F137 /* Source Files */,
				A7883CF43A904782809A5ECF /* CMakeLists.txt */,
			);
			name = Staurn;
			sourceTree = "<group>";
		};
		9C08F5ED3AEA4CD19D69A16F /* Products */ = {
			isa = PBXGroup;
			children = (
				0013CD935EBB4870A4DDE632 /* Staurn */,
			);
			name = Products;
			sourceTree = "<group>";
		};
		A2BF2B05E7AB4D2393EA3D44 = {
			isa = PBXGroup;
			children = (
				737AE379A43448218C8690D9 /* Staurn */,
				3E7FC0EA4AC6486D93DCCFC8 /* ALL_BUILD */,
				9C08F5ED3AEA4CD19D69A16F /* Products */,
			);
			sourceTree = "<group>";
		};
		C812C52BB2604AA3ABE3F137 /* Source Files */ = {
			isa = PBXGroup;
			children = (
				56170CFE2240021400A36C95 /* matrix.h */,
				56170CFD224001C800A36C95 /* camera.h */,
				56638952223F50EE000579E8 /* data.h */,
				56638953223F50EF000579E8 /* draw.h */,
				74D1C9979D6D4A30BC5F7A54 /* render.cpp */,
			);
			name = "Source Files";
			sourceTree = "<group>";
		};
		D46D0B33D7524DE385A6AFB6 /* CMake Rules */ = {
			isa = PBXGroup;
			children = (
			);
			name = "CMake Rules";
			sourceTree = "<group>";
		};
/* End PBXGroup section */

/* Begin PBXNativeTarget section */
		869C2BBFC3384E07918C85D0 /* Staurn */ = {
			isa = PBXNativeTarget;
			buildConfigurationList = 75CAC39F45F942EEAA22415A /* Build configuration list for PBXNativeTarget "Staurn" */;
			buildPhases = (
				1B03B646A02D461591686BDE /* Sources */,
			);
			buildRules = (
			);
			dependencies = (
				65EC7D59C2F748CF976DD464 /* PBXTargetDependency */,
			);
			name = Staurn;
			productName = Staurn;
			productReference = 0013CD935EBB4870A4DDE632 /* Staurn */;
			productType = "com.apple.product-type.tool";
		};
/* End PBXNativeTarget section */

/* Begin PBXProject section */
		F28D5DC7098C4F4A9492F774 /* Project object */ = {
			isa = PBXProject;
			attributes = {
				BuildIndependentTargetsInParallel = YES;
				LastUpgradeCheck = 1010;
			};
			buildConfigurationList = 611BE723E11E4BB1AAD0BFBD /* Build configuration list for PBXProject "Staurn" */;
			compatibilityVersion = "Xcode 3.2";
			developmentRegion = en;
			hasScannedForEncodings = 0;
			knownRegions = (
				en,
			);
			mainGroup = A2BF2B05E7AB4D2393EA3D44;
			projectDirPath = "";
			projectRoot = "";
			targets = (
				413FA82D001E44C29816250C /* ALL_BUILD */,
				869C2BBFC3384E07918C85D0 /* Staurn */,
				58AA60F934A44821B23CFB7A /* ZERO_CHECK */,
			);
		};
/* End PBXProject section */

/* Begin PBXShellScriptBuildPhase section */
		1AED17A2E7734CEAA4A3959F /* CMake Rules */ = {
			isa = PBXShellScriptBuildPhase;
			buildActionMask = 2147483647;
			files = (
			);
			name = "CMake Rules";
			runOnlyForDeploymentPostprocessing = 0;
			shellPath = /bin/sh;
			shellScript = "make -C /Users/Charles/Library/Mobile\\ Documents/com~apple~CloudDocs/Project/Graphics_from_AtoZ -f /Users/Charles/Library/Mobile\\ Documents/com~apple~CloudDocs/Project/Graphics_from_AtoZ/CMakeScripts/ALL_BUILD_cmakeRulesBuildPhase.make$CONFIGURATION all";
			showEnvVarsInLog = 0;
		};
		F244FBDADF874EF39FFE4AC6 /* CMake Rules */ = {
			isa = PBXShellScriptBuildPhase;
			buildActionMask = 2147483647;
			files = (
			);
			name = "CMake Rules";
			runOnlyForDeploymentPostprocessing = 0;
			shellPath = /bin/sh;
			shellScript = "make -C /Users/Charles/Library/Mobile\\ Documents/com~apple~CloudDocs/Project/Graphics_from_AtoZ -f /Users/Charles/Library/Mobile\\ Documents/com~apple~CloudDocs/Project/Graphics_from_AtoZ/CMakeScripts/ZERO_CHECK_cmakeRulesBuildPhase.make$CONFIGURATION all";
			showEnvVarsInLog = 0;
		};
/* End PBXShellScriptBuildPhase section */

/* Begin PBXSourcesBuildPhase section */
		1B03B646A02D461591686BDE /* Sources */ = {
			isa = PBXSourcesBuildPhase;
			buildActionMask = 2147483647;
			files = (
				56638954223F50FF000579E8 /* render.cpp in Sources */,
			);
			runOnlyForDeploymentPostprocessing = 0;
		};
/* End PBXSourcesBuildPhase section */

/* Begin PBXTargetDependency section */
		52936816777D46D2A070C1AB /* PBXTargetDependency */ = {
			isa = PBXTargetDependency;
			target = 869C2BBFC3384E07918C85D0 /* Staurn */;
			targetProxy = 51C7C21AB39347B2B4B471BD /* PBXContainerItemProxy */;
		};
		65EC7D59C2F748CF976DD464 /* PBXTargetDependency */ = {
			isa = PBXTargetDependency;
			target = 58AA60F934A44821B23CFB7A /* ZERO_CHECK */;
			targetProxy = 84F837B1EACC4F5AB2F7188A /* PBXContainerItemProxy */;
		};
		AF66D97908BC4C078E71F03B /* PBXTargetDependency */ = {
			isa = PBXTargetDependency;
			target = 58AA60F934A44821B23CFB7A /* ZERO_CHECK */;
			targetProxy = 43468CEC0ADF4E03B28F0461 /* PBXContainerItemProxy */;
		};
/* End PBXTargetDependency section */

/* Begin XCBuildConfiguration section */
		0A04F3A74A56414D83F735EB /* MinSizeRel */ = {
			isa = XCBuildConfiguration;
			buildSettings = {
				COMBINE_HIDPI_IMAGES = YES;
				EXECUTABLE_PREFIX = "";
				EXECUTABLE_SUFFIX = "";
				GCC_GENERATE_DEBUGGING_SYMBOLS = NO;
				GCC_INLINES_ARE_PRIVATE_EXTERN = NO;
				GCC_OPTIMIZATION_LEVEL = s;
				GCC_PREPROCESSOR_DEFINITIONS = "'CMAKE_INTDIR=\"$(CONFIGURATION)$(EFFECTIVE_PLATFORM_NAME)\"'";
				GCC_SYMBOLS_PRIVATE_EXTERN = NO;
				HEADER_SEARCH_PATHS = /usr/X11R6/include;
				INSTALL_PATH = "";
				LIBRARY_SEARCH_PATHS = "";
				OTHER_CPLUSPLUSFLAGS = "    -DNDEBUG  ";
				OTHER_LDFLAGS = (
					"-Wl,-search_paths_first",
					"-Wl,-headerpad_max_install_names",
					"-framework",
					OpenGL,
					"-framework",
					OpenGL,
					"-framework",
					GLUT,
					"-framework",
					Cocoa,
				);
				OTHER_REZFLAGS = "";
				PRODUCT_NAME = Staurn;
				SECTORDER_FLAGS = "";
				SYMROOT = "/Users/Charles/Library/Mobile Documents/com~apple~CloudDocs/Project/Graphics_from_AtoZ";
				USE_HEADERMAP = NO;
				WARNING_CFLAGS = (
					"-Wmost",
					"-Wno-four-char-constants",
					"-Wno-unknown-pragmas",
					"$(inherited)",
				);
			};
			name = MinSizeRel;
		};
		191FF7AA88E04CADB58C0689 /* Debug */ = {
			isa = XCBuildConfiguration;
			buildSettings = {
				COMBINE_HIDPI_IMAGES = YES;
				EXECUTABLE_PREFIX = "";
				EXECUTABLE_SUFFIX = "";
				GCC_GENERATE_DEBUGGING_SYMBOLS = YES;
				GCC_INLINES_ARE_PRIVATE_EXTERN = NO;
				GCC_OPTIMIZATION_LEVEL = 0;
				GCC_PREPROCESSOR_DEFINITIONS = "'CMAKE_INTDIR=\"$(CONFIGURATION)$(EFFECTIVE_PLATFORM_NAME)\"'";
				GCC_SYMBOLS_PRIVATE_EXTERN = NO;
				HEADER_SEARCH_PATHS = /usr/X11R6/include;
				INSTALL_PATH = "";
				LIBRARY_SEARCH_PATHS = "";
				OTHER_CPLUSPLUSFLAGS = "    ";
				OTHER_LDFLAGS = (
					"-Wl,-search_paths_first",
					"-Wl,-headerpad_max_install_names",
					"-framework",
					OpenGL,
					"-framework",
					OpenGL,
					"-framework",
					GLUT,
					"-framework",
					Cocoa,
				);
				OTHER_REZFLAGS = "";
				PRODUCT_NAME = Staurn;
				SECTORDER_FLAGS = "";
				SYMROOT = "/Users/Charles/Library/Mobile Documents/com~apple~CloudDocs/Project/Graphics_from_AtoZ";
				USE_HEADERMAP = NO;
				WARNING_CFLAGS = (
					"-Wmost",
					"-Wno-four-char-constants",
					"-Wno-unknown-pragmas",
					"$(inherited)",
				);
			};
			name = Debug;
		};
		32EDA857417747D09D379D00 /* MinSizeRel */ = {
			isa = XCBuildConfiguration;
			buildSettings = {
				COMBINE_HIDPI_IMAGES = YES;
				GCC_GENERATE_DEBUGGING_SYMBOLS = YES;
				GCC_INLINES_ARE_PRIVATE_EXTERN = NO;
				GCC_OPTIMIZATION_LEVEL = 0;
				GCC_PREPROCESSOR_DEFINITIONS = "'CMAKE_INTDIR=\"$(CONFIGURATION)$(EFFECTIVE_PLATFORM_NAME)\"'";
				GCC_SYMBOLS_PRIVATE_EXTERN = NO;
				INSTALL_PATH = "";
				OTHER_LDFLAGS = " ";
				OTHER_REZFLAGS = "";
				PRODUCT_NAME = ZERO_CHECK;
				SECTORDER_FLAGS = "";
				SYMROOT = "/Users/Charles/Library/Mobile Documents/com~apple~CloudDocs/Project/Graphics_from_AtoZ";
				USE_HEADERMAP = NO;
				WARNING_CFLAGS = (
					"-Wmost",
					"-Wno-four-char-constants",
					"-Wno-unknown-pragmas",
					"$(inherited)",
				);
			};
			name = MinSizeRel;
		};
		3966DEA907E248A5A45EE6D3 /* MinSizeRel */ = {
			isa = XCBuildConfiguration;
			buildSettings = {
				COMBINE_HIDPI_IMAGES = YES;
				GCC_GENERATE_DEBUGGING_SYMBOLS = YES;
				GCC_INLINES_ARE_PRIVATE_EXTERN = NO;
				GCC_OPTIMIZATION_LEVEL = 0;
				GCC_PREPROCESSOR_DEFINITIONS = "'CMAKE_INTDIR=\"$(CONFIGURATION)$(EFFECTIVE_PLATFORM_NAME)\"'";
				GCC_SYMBOLS_PRIVATE_EXTERN = NO;
				INSTALL_PATH = "";
				OTHER_LDFLAGS = " ";
				OTHER_REZFLAGS = "";
				PRODUCT_NAME = ALL_BUILD;
				SECTORDER_FLAGS = "";
				SYMROOT = "/Users/Charles/Library/Mobile Documents/com~apple~CloudDocs/Project/Graphics_from_AtoZ";
				USE_HEADERMAP = NO;
				WARNING_CFLAGS = (
					"-Wmost",
					"-Wno-four-char-constants",
					"-Wno-unknown-pragmas",
					"$(inherited)",
				);
			};
			name = MinSizeRel;
		};
		449AE7C4A2864FFA85E9C218 /* Debug */ = {
			isa = XCBuildConfiguration;
			buildSettings = {
				ONLY_ACTIVE_ARCH = YES;
				SDKROOT = /Applications/Xcode.app/Contents/Developer/Platforms/MacOSX.platform/Developer/SDKs/MacOSX10.14.sdk;
				SYMROOT = "/Users/Charles/Library/Mobile Documents/com~apple~CloudDocs/Project/Graphics_from_AtoZ/build";
			};
			name = Debug;
		};
		6054D43F7BA24B69BB88DAA4 /* RelWithDebInfo */ = {
			isa = XCBuildConfiguration;
			buildSettings = {
				COMBINE_HIDPI_IMAGES = YES;
				GCC_GENERATE_DEBUGGING_SYMBOLS = YES;
				GCC_INLINES_ARE_PRIVATE_EXTERN = NO;
				GCC_OPTIMIZATION_LEVEL = 0;
				GCC_PREPROCESSOR_DEFINITIONS = "'CMAKE_INTDIR=\"$(CONFIGURATION)$(EFFECTIVE_PLATFORM_NAME)\"'";
				GCC_SYMBOLS_PRIVATE_EXTERN = NO;
				INSTALL_PATH = "";
				OTHER_LDFLAGS = " ";
				OTHER_REZFLAGS = "";
				PRODUCT_NAME = ALL_BUILD;
				SECTORDER_FLAGS = "";
				SYMROOT = "/Users/Charles/Library/Mobile Documents/com~apple~CloudDocs/Project/Graphics_from_AtoZ";
				USE_HEADERMAP = NO;
				WARNING_CFLAGS = (
					"-Wmost",
					"-Wno-four-char-constants",
					"-Wno-unknown-pragmas",
					"$(inherited)",
				);
			};
			name = RelWithDebInfo;
		};
		6173813F7DF84022BC793C8D /* MinSizeRel */ = {
			isa = XCBuildConfiguration;
			buildSettings = {
				ONLY_ACTIVE_ARCH = YES;
				SDKROOT = /Applications/Xcode.app/Contents/Developer/Platforms/MacOSX.platform/Developer/SDKs/MacOSX10.14.sdk;
				SYMROOT = "/Users/Charles/Library/Mobile Documents/com~apple~CloudDocs/Project/Graphics_from_AtoZ/build";
			};
			name = MinSizeRel;
		};
		66155A2EC7D342B0A4684BE0 /* Release */ = {
			isa = XCBuildConfiguration;
			buildSettings = {
				ONLY_ACTIVE_ARCH = YES;
				SDKROOT = /Applications/Xcode.app/Contents/Developer/Platforms/MacOSX.platform/Developer/SDKs/MacOSX10.14.sdk;
				SYMROOT = "/Users/Charles/Library/Mobile Documents/com~apple~CloudDocs/Project/Graphics_from_AtoZ/build";
			};
			name = Release;
		};
		7C5B86137FC74907A1B70050 /* RelWithDebInfo */ = {
			isa = XCBuildConfiguration;
			buildSettings = {
				COMBINE_HIDPI_IMAGES = YES;
				EXECUTABLE_PREFIX = "";
				EXECUTABLE_SUFFIX = "";
				GCC_GENERATE_DEBUGGING_SYMBOLS = YES;
				GCC_INLINES_ARE_PRIVATE_EXTERN = NO;
				GCC_OPTIMIZATION_LEVEL = 2;
				GCC_PREPROCESSOR_DEFINITIONS = "'CMAKE_INTDIR=\"$(CONFIGURATION)$(EFFECTIVE_PLATFORM_NAME)\"'";
				GCC_SYMBOLS_PRIVATE_EXTERN = NO;
				HEADER_SEARCH_PATHS = /usr/X11R6/include;
				INSTALL_PATH = "";
				LIBRARY_SEARCH_PATHS = "";
				OTHER_CPLUSPLUSFLAGS = "       -DNDEBUG  ";
				OTHER_LDFLAGS = (
					"-Wl,-search_paths_first",
					"-Wl,-headerpad_max_install_names",
					"-framework",
					OpenGL,
					"-framework",
					OpenGL,
					"-framework",
					GLUT,
					"-framework",
					Cocoa,
				);
				OTHER_REZFLAGS = "";
				PRODUCT_NAME = Staurn;
				SECTORDER_FLAGS = "";
				SYMROOT = "/Users/Charles/Library/Mobile Documents/com~apple~CloudDocs/Project/Graphics_from_AtoZ";
				USE_HEADERMAP = NO;
				WARNING_CFLAGS = (
					"-Wmost",
					"-Wno-four-char-constants",
					"-Wno-unknown-pragmas",
					"$(inherited)",
				);
			};
			name = RelWithDebInfo;
		};
		7C8F615A648145E484F83046 /* Release */ = {
			isa = XCBuildConfiguration;
			buildSettings = {
				COMBINE_HIDPI_IMAGES = YES;
				EXECUTABLE_PREFIX = "";
				EXECUTABLE_SUFFIX = "";
				GCC_GENERATE_DEBUGGING_SYMBOLS = NO;
				GCC_INLINES_ARE_PRIVATE_EXTERN = NO;
				GCC_OPTIMIZATION_LEVEL = 3;
				GCC_PREPROCESSOR_DEFINITIONS = "'CMAKE_INTDIR=\"$(CONFIGURATION)$(EFFECTIVE_PLATFORM_NAME)\"'";
				GCC_SYMBOLS_PRIVATE_EXTERN = NO;
				HEADER_SEARCH_PATHS = /usr/X11R6/include;
				INSTALL_PATH = "";
				LIBRARY_SEARCH_PATHS = "";
				OTHER_CPLUSPLUSFLAGS = "    -DNDEBUG  ";
				OTHER_LDFLAGS = (
					"-Wl,-search_paths_first",
					"-Wl,-headerpad_max_install_names",
					"-framework",
					OpenGL,
					"-framework",
					OpenGL,
					"-framework",
					GLUT,
					"-framework",
					Cocoa,
				);
				OTHER_REZFLAGS = "";
				PRODUCT_NAME = Staurn;
				SECTORDER_FLAGS = "";
				SYMROOT = "/Users/Charles/Library/Mobile Documents/com~apple~CloudDocs/Project/Graphics_from_AtoZ";
				USE_HEADERMAP = NO;
				WARNING_CFLAGS = (
					"-Wmost",
					"-Wno-four-char-constants",
					"-Wno-unknown-pragmas",
					"$(inherited)",
				);
			};
			name = Release;
		};
		7D6DE76EB9BE440C96BED459 /* Release */ = {
			isa = XCBuildConfiguration;
			buildSettings = {
				COMBINE_HIDPI_IMAGES = YES;
				GCC_GENERATE_DEBUGGING_SYMBOLS = YES;
				GCC_INLINES_ARE_PRIVATE_EXTERN = NO;
				GCC_OPTIMIZATION_LEVEL = 0;
				GCC_PREPROCESSOR_DEFINITIONS = "'CMAKE_INTDIR=\"$(CONFIGURATION)$(EFFECTIVE_PLATFORM_NAME)\"'";
				GCC_SYMBOLS_PRIVATE_EXTERN = NO;
				INSTALL_PATH = "";
				OTHER_LDFLAGS = " ";
				OTHER_REZFLAGS = "";
				PRODUCT_NAME = ZERO_CHECK;
				SECTORDER_FLAGS = "";
				SYMROOT = "/Users/Charles/Library/Mobile Documents/com~apple~CloudDocs/Project/Graphics_from_AtoZ";
				USE_HEADERMAP = NO;
				WARNING_CFLAGS = (
					"-Wmost",
					"-Wno-four-char-constants",
					"-Wno-unknown-pragmas",
					"$(inherited)",
				);
			};
			name = Release;
		};
		8B247C6AB57B42B187022CE1 /* Debug */ = {
			isa = XCBuildConfiguration;
			buildSettings = {
				COMBINE_HIDPI_IMAGES = YES;
				GCC_GENERATE_DEBUGGING_SYMBOLS = YES;
				GCC_INLINES_ARE_PRIVATE_EXTERN = NO;
				GCC_OPTIMIZATION_LEVEL = 0;
				GCC_PREPROCESSOR_DEFINITIONS = "'CMAKE_INTDIR=\"$(CONFIGURATION)$(EFFECTIVE_PLATFORM_NAME)\"'";
				GCC_SYMBOLS_PRIVATE_EXTERN = NO;
				INSTALL_PATH = "";
				OTHER_LDFLAGS = " ";
				OTHER_REZFLAGS = "";
				PRODUCT_NAME = ZERO_CHECK;
				SECTORDER_FLAGS = "";
				SYMROOT = "/Users/Charles/Library/Mobile Documents/com~apple~CloudDocs/Project/Graphics_from_AtoZ";
				USE_HEADERMAP = NO;
				WARNING_CFLAGS = (
					"-Wmost",
					"-Wno-four-char-constants",
					"-Wno-unknown-pragmas",
					"$(inherited)",
				);
			};
			name = Debug;
		};
		90417C2163694DC4BEED9374 /* RelWithDebInfo */ = {
			isa = XCBuildConfiguration;
			buildSettings = {
				COMBINE_HIDPI_IMAGES = YES;
				GCC_GENERATE_DEBUGGING_SYMBOLS = YES;
				GCC_INLINES_ARE_PRIVATE_EXTERN = NO;
				GCC_OPTIMIZATION_LEVEL = 0;
				GCC_PREPROCESSOR_DEFINITIONS = "'CMAKE_INTDIR=\"$(CONFIGURATION)$(EFFECTIVE_PLATFORM_NAME)\"'";
				GCC_SYMBOLS_PRIVATE_EXTERN = NO;
				INSTALL_PATH = "";
				OTHER_LDFLAGS = " ";
				OTHER_REZFLAGS = "";
				PRODUCT_NAME = ZERO_CHECK;
				SECTORDER_FLAGS = "";
				SYMROOT = "/Users/Charles/Library/Mobile Documents/com~apple~CloudDocs/Project/Graphics_from_AtoZ";
				USE_HEADERMAP = NO;
				WARNING_CFLAGS = (
					"-Wmost",
					"-Wno-four-char-constants",
					"-Wno-unknown-pragmas",
					"$(inherited)",
				);
			};
			name = RelWithDebInfo;
		};
		E49011460BD34F03AC574636 /* Debug */ = {
			isa = XCBuildConfiguration;
			buildSettings = {
				COMBINE_HIDPI_IMAGES = YES;
				GCC_GENERATE_DEBUGGING_SYMBOLS = YES;
				GCC_INLINES_ARE_PRIVATE_EXTERN = NO;
				GCC_OPTIMIZATION_LEVEL = 0;
				GCC_PREPROCESSOR_DEFINITIONS = "'CMAKE_INTDIR=\"$(CONFIGURATION)$(EFFECTIVE_PLATFORM_NAME)\"'";
				GCC_SYMBOLS_PRIVATE_EXTERN = NO;
				INSTALL_PATH = "";
				OTHER_LDFLAGS = " ";
				OTHER_REZFLAGS = "";
				PRODUCT_NAME = ALL_BUILD;
				SECTORDER_FLAGS = "";
				SYMROOT = "/Users/Charles/Library/Mobile Documents/com~apple~CloudDocs/Project/Graphics_from_AtoZ";
				USE_HEADERMAP = NO;
				WARNING_CFLAGS = (
					"-Wmost",
					"-Wno-four-char-constants",
					"-Wno-unknown-pragmas",
					"$(inherited)",
				);
			};
			name = Debug;
		};
		E87E9F8895D74D4FBB250F4C /* Release */ = {
			isa = XCBuildConfiguration;
			buildSettings = {
				COMBINE_HIDPI_IMAGES = YES;
				GCC_GENERATE_DEBUGGING_SYMBOLS = YES;
				GCC_INLINES_ARE_PRIVATE_EXTERN = NO;
				GCC_OPTIMIZATION_LEVEL = 0;
				GCC_PREPROCESSOR_DEFINITIONS = "'CMAKE_INTDIR=\"$(CONFIGURATION)$(EFFECTIVE_PLATFORM_NAME)\"'";
				GCC_SYMBOLS_PRIVATE_EXTERN = NO;
				INSTALL_PATH = "";
				OTHER_LDFLAGS = " ";
				OTHER_REZFLAGS = "";
				PRODUCT_NAME = ALL_BUILD;
				SECTORDER_FLAGS = "";
				SYMROOT = "/Users/Charles/Library/Mobile Documents/com~apple~CloudDocs/Project/Graphics_from_AtoZ";
				USE_HEADERMAP = NO;
				WARNING_CFLAGS = (
					"-Wmost",
					"-Wno-four-char-constants",
					"-Wno-unknown-pragmas",
					"$(inherited)",
				);
			};
			name = Release;
		};
		FB9F5D86C8754B15AA63F3C4 /* RelWithDebInfo */ = {
			isa = XCBuildConfiguration;
			buildSettings = {
				ONLY_ACTIVE_ARCH = YES;
				SDKROOT = /Applications/Xcode.app/Contents/Developer/Platforms/MacOSX.platform/Developer/SDKs/MacOSX10.14.sdk;
				SYMROOT = "/Users/Charles/Library/Mobile Documents/com~apple~CloudDocs/Project/Graphics_from_AtoZ/build";
			};
			name = RelWithDebInfo;
		};
/* End XCBuildConfiguration section */

/* Begin XCConfigurationList section */
		4B49847C134945BEBE9BA365 /* Build configuration list for PBXAggregateTarget "ALL_BUILD" */ = {
			isa = XCConfigurationList;
			buildConfigurations = (
				E49011460BD34F03AC574636 /* Debug */,
				E87E9F8895D74D4FBB250F4C /* Release */,
				3966DEA907E248A5A45EE6D3 /* MinSizeRel */,
				6054D43F7BA24B69BB88DAA4 /* RelWithDebInfo */,
			);
			defaultConfigurationIsVisible = 0;
			defaultConfigurationName = Debug;
		};
		611BE723E11E4BB1AAD0BFBD /* Build configuration list for PBXProject "Staurn" */ = {
			isa = XCConfigurationList;
			buildConfigurations = (
				449AE7C4A2864FFA85E9C218 /* Debug */,
				66155A2EC7D342B0A4684BE0 /* Release */,
				6173813F7DF84022BC793C8D /* MinSizeRel */,
				FB9F5D86C8754B15AA63F3C4 /* RelWithDebInfo */,
			);
			defaultConfigurationIsVisible = 0;
			defaultConfigurationName = Debug;
		};
		75CAC39F45F942EEAA22415A /* Build configuration list for PBXNativeTarget "Staurn" */ = {
			isa = XCConfigurationList;
			buildConfigurations = (
				191FF7AA88E04CADB58C0689 /* Debug */,
				7C8F615A648145E484F83046 /* Release */,
				0A04F3A74A56414D83F735EB /* MinSizeRel */,
				7C5B86137FC74907A1B70050 /* RelWithDebInfo */,
			);
			defaultConfigurationIsVisible = 0;
			defaultConfigurationName = Debug;
		};
		9B56655D23A24D318FEEDF7A /* Build configuration list for PBXAggregateTarget "ZERO_CHECK" */ = {
			isa = XCConfigurationList;
			buildConfigurations = (
				8B247C6AB57B42B187022CE1 /* Debug */,
				7D6DE76EB9BE440C96BED459 /* Release */,
				32EDA857417747D09D379D00 /* MinSizeRel */,
				90417C2163694DC4BEED9374 /* RelWithDebInfo */,
			);
			defaultConfigurationIsVisible = 0;
			defaultConfigurationName = Debug;
		};
/* End XCConfigurationList section */
	};
	rootObject = F28D5DC7098C4F4A9492F774 /* Project object */;
}
