// !$*UTF8*$!
{
	archiveVersion = 1;
	classes = {
	};
	objectVersion = 46;
	objects = {

/* Begin PBXAggregateTarget section */
		2B50D95278564A699F4D45DA /* ALL_BUILD */ = {
			isa = PBXAggregateTarget;
			buildConfigurationList = B4DA3206FDD844C9B9EAF6C8 /* Build configuration list for PBXAggregateTarget "ALL_BUILD" */;
			buildPhases = (
				E0AEF031CADE4973A8A2F0A5 /* CMake Rules */,
			);
			dependencies = (
				09BC715AC2524AEC9498E699 /* PBXTargetDependency */,
				B0306AA8E4BE45F08D9FD584 /* PBXTargetDependency */,
			);
			name = ALL_BUILD;
			productName = ALL_BUILD;
		};
		BC8EB6D4F7EB40238058FCC4 /* ZERO_CHECK */ = {
			isa = PBXAggregateTarget;
			buildConfigurationList = EADCDBB3D77D4D898D43CF8F /* Build configuration list for PBXAggregateTarget "ZERO_CHECK" */;
			buildPhases = (
				7FC7983E363C4AD59CFDCA3F /* CMake Rules */,
			);
			dependencies = (
			);
			name = ZERO_CHECK;
			productName = ZERO_CHECK;
		};
/* End PBXAggregateTarget section */

/* Begin PBXBuildFile section */
		4EE36736331F40148B628EC3 /* render.cpp in Sources */ = {isa = PBXBuildFile; fileRef = 4B96DAD825414B5FB2404388 /* render.cpp */; };
/* End PBXBuildFile section */

/* Begin PBXContainerItemProxy section */
		875937C234174AECAE03810A /* PBXContainerItemProxy */ = {
			isa = PBXContainerItemProxy;
			containerPortal = 96B15C91160146B18688A721 /* Project object */;
			proxyType = 1;
			remoteGlobalIDString = 514E55573CDF4759864911DF;
			remoteInfo = Staurn;
		};
		8E22EAF5ED7B4CF2BD2D8716 /* PBXContainerItemProxy */ = {
			isa = PBXContainerItemProxy;
			containerPortal = 96B15C91160146B18688A721 /* Project object */;
			proxyType = 1;
			remoteGlobalIDString = BC8EB6D4F7EB40238058FCC4;
			remoteInfo = ZERO_CHECK;
		};
		944486712D734EDBBE0DCFF4 /* PBXContainerItemProxy */ = {
			isa = PBXContainerItemProxy;
			containerPortal = 96B15C91160146B18688A721 /* Project object */;
			proxyType = 1;
			remoteGlobalIDString = BC8EB6D4F7EB40238058FCC4;
			remoteInfo = ZERO_CHECK;
		};
/* End PBXContainerItemProxy section */

/* Begin PBXFileReference section */
		4B96DAD825414B5FB2404388 /* render.cpp */ = {isa = PBXFileReference; explicitFileType = sourcecode.cpp.cpp; fileEncoding = 4; path = render.cpp; sourceTree = SOURCE_ROOT; };
		564EFADB223D639300DEF867 /* draw.h */ = {isa = PBXFileReference; fileEncoding = 4; lastKnownFileType = sourcecode.c.h; path = draw.h; sourceTree = "<group>"; };
		564EFADC223D639300DEF867 /* data.h */ = {isa = PBXFileReference; fileEncoding = 4; lastKnownFileType = sourcecode.c.h; path = data.h; sourceTree = "<group>"; };
		564EFADD223D639300DEF867 /* camera.h */ = {isa = PBXFileReference; fileEncoding = 4; lastKnownFileType = sourcecode.c.h; path = camera.h; sourceTree = "<group>"; };
		564EFADE223D639300DEF867 /* matrix.h */ = {isa = PBXFileReference; fileEncoding = 4; lastKnownFileType = sourcecode.c.h; path = matrix.h; sourceTree = "<group>"; };
		6C610517475D404F8E75A376 /* CMakeLists.txt */ = {isa = PBXFileReference; explicitFileType = sourcecode.text; fileEncoding = 4; lastKnownFileType = text; path = CMakeLists.txt; sourceTree = SOURCE_ROOT; };
		82FB6706A8404E99B9AB1CCE /* CMakeLists.txt */ = {isa = PBXFileReference; explicitFileType = sourcecode.text; fileEncoding = 4; lastKnownFileType = text; path = CMakeLists.txt; sourceTree = SOURCE_ROOT; };
		E6344E652791443D9D9B6D0B /* Staurn */ = {isa = PBXFileReference; explicitFileType = "compiled.mach-o.executable"; path = Staurn; sourceTree = BUILT_PRODUCTS_DIR; };
/* End PBXFileReference section */

/* Begin PBXGroup section */
		2296E2444CC34190AD801B55 /* Products */ = {
			isa = PBXGroup;
			children = (
				E6344E652791443D9D9B6D0B /* Staurn */,
			);
			name = Products;
			sourceTree = "<group>";
		};
		756FA461005B40D0BE94356D /* Staurn */ = {
			isa = PBXGroup;
			children = (
				8F6EE335CE274457B5CED5DB /* Source Files */,
				6C610517475D404F8E75A376 /* CMakeLists.txt */,
			);
			name = Staurn;
			sourceTree = "<group>";
		};
		8F6EE335CE274457B5CED5DB /* Source Files */ = {
			isa = PBXGroup;
			children = (
				564EFADD223D639300DEF867 /* camera.h */,
				564EFADC223D639300DEF867 /* data.h */,
				564EFADB223D639300DEF867 /* draw.h */,
				564EFADE223D639300DEF867 /* matrix.h */,
				4B96DAD825414B5FB2404388 /* render.cpp */,
			);
			name = "Source Files";
			sourceTree = "<group>";
		};
		B54AE988DC69452586580B1E /* CMake Rules */ = {
			isa = PBXGroup;
			children = (
			);
			name = "CMake Rules";
			sourceTree = "<group>";
		};
		F423EAD936AF4C7E92B31A96 = {
			isa = PBXGroup;
			children = (
				756FA461005B40D0BE94356D /* Staurn */,
				FAA360223A014526B2890C6E /* ALL_BUILD */,
				2296E2444CC34190AD801B55 /* Products */,
			);
			sourceTree = "<group>";
		};
		FAA360223A014526B2890C6E /* ALL_BUILD */ = {
			isa = PBXGroup;
			children = (
				B54AE988DC69452586580B1E /* CMake Rules */,
				82FB6706A8404E99B9AB1CCE /* CMakeLists.txt */,
			);
			name = ALL_BUILD;
			sourceTree = "<group>";
		};
/* End PBXGroup section */

/* Begin PBXNativeTarget section */
		514E55573CDF4759864911DF /* Staurn */ = {
			isa = PBXNativeTarget;
			buildConfigurationList = 48E3D24AFAAF4FA1863E582A /* Build configuration list for PBXNativeTarget "Staurn" */;
			buildPhases = (
				2415C284BBA64736BB86F72D /* Sources */,
			);
			buildRules = (
			);
			dependencies = (
				53EBC7F75DCA408E9BBB0260 /* PBXTargetDependency */,
			);
			name = Staurn;
			productName = Staurn;
			productReference = E6344E652791443D9D9B6D0B /* Staurn */;
			productType = "com.apple.product-type.tool";
		};
/* End PBXNativeTarget section */

/* Begin PBXProject section */
		96B15C91160146B18688A721 /* Project object */ = {
			isa = PBXProject;
			attributes = {
				BuildIndependentTargetsInParallel = YES;
				LastUpgradeCheck = 1010;
			};
			buildConfigurationList = D64FE5AEE1AE4045BF5D4346 /* Build configuration list for PBXProject "Staurn" */;
			compatibilityVersion = "Xcode 3.2";
			developmentRegion = en;
			hasScannedForEncodings = 0;
			knownRegions = (
				en,
			);
			mainGroup = F423EAD936AF4C7E92B31A96;
			projectDirPath = "";
			projectRoot = "";
			targets = (
				2B50D95278564A699F4D45DA /* ALL_BUILD */,
				514E55573CDF4759864911DF /* Staurn */,
				BC8EB6D4F7EB40238058FCC4 /* ZERO_CHECK */,
			);
		};
/* End PBXProject section */

/* Begin PBXShellScriptBuildPhase section */
		7FC7983E363C4AD59CFDCA3F /* CMake Rules */ = {
			isa = PBXShellScriptBuildPhase;
			buildActionMask = 2147483647;
			files = (
			);
			name = "CMake Rules";
			runOnlyForDeploymentPostprocessing = 0;
			shellPath = /bin/sh;
			shellScript = "make -C /Users/Charles/Library/Mobile\\ Documents/com~apple~CloudDocs/Project/Graphics_from_AtoZ -f /Users/Charles/Library/Mobile\\ Documents/com~apple~CloudDocs/Project/Graphics_from_AtoZ/CMakeScripts/ZERO_CHECK_cmakeRulesBuildPhase.make$CONFIGURATION all";
			showEnvVarsInLog = 0;
		};
		E0AEF031CADE4973A8A2F0A5 /* CMake Rules */ = {
			isa = PBXShellScriptBuildPhase;
			buildActionMask = 2147483647;
			files = (
			);
			name = "CMake Rules";
			runOnlyForDeploymentPostprocessing = 0;
			shellPath = /bin/sh;
			shellScript = "make -C /Users/Charles/Library/Mobile\\ Documents/com~apple~CloudDocs/Project/Graphics_from_AtoZ -f /Users/Charles/Library/Mobile\\ Documents/com~apple~CloudDocs/Project/Graphics_from_AtoZ/CMakeScripts/ALL_BUILD_cmakeRulesBuildPhase.make$CONFIGURATION all";
			showEnvVarsInLog = 0;
		};
/* End PBXShellScriptBuildPhase section */

/* Begin PBXSourcesBuildPhase section */
		2415C284BBA64736BB86F72D /* Sources */ = {
			isa = PBXSourcesBuildPhase;
			buildActionMask = 2147483647;
			files = (
				4EE36736331F40148B628EC3 /* render.cpp in Sources */,
			);
			runOnlyForDeploymentPostprocessing = 0;
		};
/* End PBXSourcesBuildPhase section */

/* Begin PBXTargetDependency section */
		09BC715AC2524AEC9498E699 /* PBXTargetDependency */ = {
			isa = PBXTargetDependency;
			target = 514E55573CDF4759864911DF /* Staurn */;
			targetProxy = 875937C234174AECAE03810A /* PBXContainerItemProxy */;
		};
		53EBC7F75DCA408E9BBB0260 /* PBXTargetDependency */ = {
			isa = PBXTargetDependency;
			target = BC8EB6D4F7EB40238058FCC4 /* ZERO_CHECK */;
			targetProxy = 8E22EAF5ED7B4CF2BD2D8716 /* PBXContainerItemProxy */;
		};
		B0306AA8E4BE45F08D9FD584 /* PBXTargetDependency */ = {
			isa = PBXTargetDependency;
			target = BC8EB6D4F7EB40238058FCC4 /* ZERO_CHECK */;
			targetProxy = 944486712D734EDBBE0DCFF4 /* PBXContainerItemProxy */;
		};
/* End PBXTargetDependency section */

/* Begin XCBuildConfiguration section */
		2A6ABA41A9194E28B9E3A738 /* Debug */ = {
			isa = XCBuildConfiguration;
			buildSettings = {
				COMBINE_HIDPI_IMAGES = YES;
				GCC_GENERATE_DEBUGGING_SYMBOLS = YES;
				GCC_INLINES_ARE_PRIVATE_EXTERN = NO;
				GCC_OPTIMIZATION_LEVEL = 0;
				GCC_PREPROCESSOR_DEFINITIONS = "'CMAKE_INTDIR=\"$(CONFIGURATION)$(EFFECTIVE_PLATFORM_NAME)\"'";
				GCC_SYMBOLS_PRIVATE_EXTERN = NO;
				INSTALL_PATH = "";
				OTHER_LDFLAGS = " ";
				OTHER_REZFLAGS = "";
				PRODUCT_NAME = ALL_BUILD;
				SECTORDER_FLAGS = "";
				SYMROOT = "/Users/Charles/Library/Mobile Documents/com~apple~CloudDocs/Project/Graphics_from_AtoZ";
				USE_HEADERMAP = NO;
				WARNING_CFLAGS = (
					"-Wmost",
					"-Wno-four-char-constants",
					"-Wno-unknown-pragmas",
					"$(inherited)",
				);
			};
			name = Debug;
		};
		41204B42E3C644A8ABD45912 /* Debug */ = {
			isa = XCBuildConfiguration;
			buildSettings = {
				COMBINE_HIDPI_IMAGES = YES;
				EXECUTABLE_PREFIX = "";
				EXECUTABLE_SUFFIX = "";
				GCC_GENERATE_DEBUGGING_SYMBOLS = YES;
				GCC_INLINES_ARE_PRIVATE_EXTERN = NO;
				GCC_OPTIMIZATION_LEVEL = 0;
				GCC_PREPROCESSOR_DEFINITIONS = "'CMAKE_INTDIR=\"$(CONFIGURATION)$(EFFECTIVE_PLATFORM_NAME)\"'";
				GCC_SYMBOLS_PRIVATE_EXTERN = NO;
				HEADER_SEARCH_PATHS = /usr/X11R6/include;
				INSTALL_PATH = "";
				LIBRARY_SEARCH_PATHS = "";
				OTHER_CPLUSPLUSFLAGS = "    ";
				OTHER_LDFLAGS = (
					"-Wl,-search_paths_first",
					"-Wl,-headerpad_max_install_names",
					"-framework",
					OpenGL,
					"-framework",
					OpenGL,
					"-framework",
					GLUT,
					"-framework",
					Cocoa,
				);
				OTHER_REZFLAGS = "";
				PRODUCT_NAME = Staurn;
				SECTORDER_FLAGS = "";
				SYMROOT = "/Users/Charles/Library/Mobile Documents/com~apple~CloudDocs/Project/Graphics_from_AtoZ";
				USE_HEADERMAP = NO;
				WARNING_CFLAGS = (
					"-Wmost",
					"-Wno-four-char-constants",
					"-Wno-unknown-pragmas",
					"$(inherited)",
				);
			};
			name = Debug;
		};
		4BD1602B9D85423193782593 /* MinSizeRel */ = {
			isa = XCBuildConfiguration;
			buildSettings = {
				COMBINE_HIDPI_IMAGES = YES;
				EXECUTABLE_PREFIX = "";
				EXECUTABLE_SUFFIX = "";
				GCC_GENERATE_DEBUGGING_SYMBOLS = NO;
				GCC_INLINES_ARE_PRIVATE_EXTERN = NO;
				GCC_OPTIMIZATION_LEVEL = s;
				GCC_PREPROCESSOR_DEFINITIONS = "'CMAKE_INTDIR=\"$(CONFIGURATION)$(EFFECTIVE_PLATFORM_NAME)\"'";
				GCC_SYMBOLS_PRIVATE_EXTERN = NO;
				HEADER_SEARCH_PATHS = /usr/X11R6/include;
				INSTALL_PATH = "";
				LIBRARY_SEARCH_PATHS = "";
				OTHER_CPLUSPLUSFLAGS = "    -DNDEBUG  ";
				OTHER_LDFLAGS = (
					"-Wl,-search_paths_first",
					"-Wl,-headerpad_max_install_names",
					"-framework",
					OpenGL,
					"-framework",
					OpenGL,
					"-framework",
					GLUT,
					"-framework",
					Cocoa,
				);
				OTHER_REZFLAGS = "";
				PRODUCT_NAME = Staurn;
				SECTORDER_FLAGS = "";
				SYMROOT = "/Users/Charles/Library/Mobile Documents/com~apple~CloudDocs/Project/Graphics_from_AtoZ";
				USE_HEADERMAP = NO;
				WARNING_CFLAGS = (
					"-Wmost",
					"-Wno-four-char-constants",
					"-Wno-unknown-pragmas",
					"$(inherited)",
				);
			};
			name = MinSizeRel;
		};
		5156635217264B7B91A5FEBE /* Release */ = {
			isa = XCBuildConfiguration;
			buildSettings = {
				COMBINE_HIDPI_IMAGES = YES;
				GCC_GENERATE_DEBUGGING_SYMBOLS = YES;
				GCC_INLINES_ARE_PRIVATE_EXTERN = NO;
				GCC_OPTIMIZATION_LEVEL = 0;
				GCC_PREPROCESSOR_DEFINITIONS = "'CMAKE_INTDIR=\"$(CONFIGURATION)$(EFFECTIVE_PLATFORM_NAME)\"'";
				GCC_SYMBOLS_PRIVATE_EXTERN = NO;
				INSTALL_PATH = "";
				OTHER_LDFLAGS = " ";
				OTHER_REZFLAGS = "";
				PRODUCT_NAME = ALL_BUILD;
				SECTORDER_FLAGS = "";
				SYMROOT = "/Users/Charles/Library/Mobile Documents/com~apple~CloudDocs/Project/Graphics_from_AtoZ";
				USE_HEADERMAP = NO;
				WARNING_CFLAGS = (
					"-Wmost",
					"-Wno-four-char-constants",
					"-Wno-unknown-pragmas",
					"$(inherited)",
				);
			};
			name = Release;
		};
		69DDB4C6553649D086B41616 /* MinSizeRel */ = {
			isa = XCBuildConfiguration;
			buildSettings = {
				COMBINE_HIDPI_IMAGES = YES;
				GCC_GENERATE_DEBUGGING_SYMBOLS = YES;
				GCC_INLINES_ARE_PRIVATE_EXTERN = NO;
				GCC_OPTIMIZATION_LEVEL = 0;
				GCC_PREPROCESSOR_DEFINITIONS = "'CMAKE_INTDIR=\"$(CONFIGURATION)$(EFFECTIVE_PLATFORM_NAME)\"'";
				GCC_SYMBOLS_PRIVATE_EXTERN = NO;
				INSTALL_PATH = "";
				OTHER_LDFLAGS = " ";
				OTHER_REZFLAGS = "";
				PRODUCT_NAME = ALL_BUILD;
				SECTORDER_FLAGS = "";
				SYMROOT = "/Users/Charles/Library/Mobile Documents/com~apple~CloudDocs/Project/Graphics_from_AtoZ";
				USE_HEADERMAP = NO;
				WARNING_CFLAGS = (
					"-Wmost",
					"-Wno-four-char-constants",
					"-Wno-unknown-pragmas",
					"$(inherited)",
				);
			};
			name = MinSizeRel;
		};
		77927CC89EF44E87ADA6F380 /* RelWithDebInfo */ = {
			isa = XCBuildConfiguration;
			buildSettings = {
				COMBINE_HIDPI_IMAGES = YES;
				GCC_GENERATE_DEBUGGING_SYMBOLS = YES;
				GCC_INLINES_ARE_PRIVATE_EXTERN = NO;
				GCC_OPTIMIZATION_LEVEL = 0;
				GCC_PREPROCESSOR_DEFINITIONS = "'CMAKE_INTDIR=\"$(CONFIGURATION)$(EFFECTIVE_PLATFORM_NAME)\"'";
				GCC_SYMBOLS_PRIVATE_EXTERN = NO;
				INSTALL_PATH = "";
				OTHER_LDFLAGS = " ";
				OTHER_REZFLAGS = "";
				PRODUCT_NAME = ZERO_CHECK;
				SECTORDER_FLAGS = "";
				SYMROOT = "/Users/Charles/Library/Mobile Documents/com~apple~CloudDocs/Project/Graphics_from_AtoZ";
				USE_HEADERMAP = NO;
				WARNING_CFLAGS = (
					"-Wmost",
					"-Wno-four-char-constants",
					"-Wno-unknown-pragmas",
					"$(inherited)",
				);
			};
			name = RelWithDebInfo;
		};
		881DBCEEA4374A2BB46B4D66 /* RelWithDebInfo */ = {
			isa = XCBuildConfiguration;
			buildSettings = {
				COMBINE_HIDPI_IMAGES = YES;
				GCC_GENERATE_DEBUGGING_SYMBOLS = YES;
				GCC_INLINES_ARE_PRIVATE_EXTERN = NO;
				GCC_OPTIMIZATION_LEVEL = 0;
				GCC_PREPROCESSOR_DEFINITIONS = "'CMAKE_INTDIR=\"$(CONFIGURATION)$(EFFECTIVE_PLATFORM_NAME)\"'";
				GCC_SYMBOLS_PRIVATE_EXTERN = NO;
				INSTALL_PATH = "";
				OTHER_LDFLAGS = " ";
				OTHER_REZFLAGS = "";
				PRODUCT_NAME = ALL_BUILD;
				SECTORDER_FLAGS = "";
				SYMROOT = "/Users/Charles/Library/Mobile Documents/com~apple~CloudDocs/Project/Graphics_from_AtoZ";
				USE_HEADERMAP = NO;
				WARNING_CFLAGS = (
					"-Wmost",
					"-Wno-four-char-constants",
					"-Wno-unknown-pragmas",
					"$(inherited)",
				);
			};
			name = RelWithDebInfo;
		};
		9E8C618FE8AB4687899B072C /* Release */ = {
			isa = XCBuildConfiguration;
			buildSettings = {
				ONLY_ACTIVE_ARCH = YES;
				SDKROOT = /Applications/Xcode.app/Contents/Developer/Platforms/MacOSX.platform/Developer/SDKs/MacOSX10.14.sdk;
				SYMROOT = "/Users/Charles/Library/Mobile Documents/com~apple~CloudDocs/Project/Graphics_from_AtoZ/build";
			};
			name = Release;
		};
		A449DE856EBC4361A5AB9189 /* RelWithDebInfo */ = {
			isa = XCBuildConfiguration;
			buildSettings = {
				ONLY_ACTIVE_ARCH = YES;
				SDKROOT = /Applications/Xcode.app/Contents/Developer/Platforms/MacOSX.platform/Developer/SDKs/MacOSX10.14.sdk;
				SYMROOT = "/Users/Charles/Library/Mobile Documents/com~apple~CloudDocs/Project/Graphics_from_AtoZ/build";
			};
			name = RelWithDebInfo;
		};
		AB5EA921455E4CCBA9850284 /* MinSizeRel */ = {
			isa = XCBuildConfiguration;
			buildSettings = {
				ONLY_ACTIVE_ARCH = YES;
				SDKROOT = /Applications/Xcode.app/Contents/Developer/Platforms/MacOSX.platform/Developer/SDKs/MacOSX10.14.sdk;
				SYMROOT = "/Users/Charles/Library/Mobile Documents/com~apple~CloudDocs/Project/Graphics_from_AtoZ/build";
			};
			name = MinSizeRel;
		};
		C5E063F40C554966A25F20DB /* Release */ = {
			isa = XCBuildConfiguration;
			buildSettings = {
				COMBINE_HIDPI_IMAGES = YES;
				EXECUTABLE_PREFIX = "";
				EXECUTABLE_SUFFIX = "";
				GCC_GENERATE_DEBUGGING_SYMBOLS = NO;
				GCC_INLINES_ARE_PRIVATE_EXTERN = NO;
				GCC_OPTIMIZATION_LEVEL = 3;
				GCC_PREPROCESSOR_DEFINITIONS = "'CMAKE_INTDIR=\"$(CONFIGURATION)$(EFFECTIVE_PLATFORM_NAME)\"'";
				GCC_SYMBOLS_PRIVATE_EXTERN = NO;
				HEADER_SEARCH_PATHS = /usr/X11R6/include;
				INSTALL_PATH = "";
				LIBRARY_SEARCH_PATHS = "";
				OTHER_CPLUSPLUSFLAGS = "    -DNDEBUG  ";
				OTHER_LDFLAGS = (
					"-Wl,-search_paths_first",
					"-Wl,-headerpad_max_install_names",
					"-framework",
					OpenGL,
					"-framework",
					OpenGL,
					"-framework",
					GLUT,
					"-framework",
					Cocoa,
				);
				OTHER_REZFLAGS = "";
				PRODUCT_NAME = Staurn;
				SECTORDER_FLAGS = "";
				SYMROOT = "/Users/Charles/Library/Mobile Documents/com~apple~CloudDocs/Project/Graphics_from_AtoZ";
				USE_HEADERMAP = NO;
				WARNING_CFLAGS = (
					"-Wmost",
					"-Wno-four-char-constants",
					"-Wno-unknown-pragmas",
					"$(inherited)",
				);
			};
			name = Release;
		};
		CD50F9B36E4F4001B83A45E5 /* Debug */ = {
			isa = XCBuildConfiguration;
			buildSettings = {
				COMBINE_HIDPI_IMAGES = YES;
				GCC_GENERATE_DEBUGGING_SYMBOLS = YES;
				GCC_INLINES_ARE_PRIVATE_EXTERN = NO;
				GCC_OPTIMIZATION_LEVEL = 0;
				GCC_PREPROCESSOR_DEFINITIONS = "'CMAKE_INTDIR=\"$(CONFIGURATION)$(EFFECTIVE_PLATFORM_NAME)\"'";
				GCC_SYMBOLS_PRIVATE_EXTERN = NO;
				INSTALL_PATH = "";
				OTHER_LDFLAGS = " ";
				OTHER_REZFLAGS = "";
				PRODUCT_NAME = ZERO_CHECK;
				SECTORDER_FLAGS = "";
				SYMROOT = "/Users/Charles/Library/Mobile Documents/com~apple~CloudDocs/Project/Graphics_from_AtoZ";
				USE_HEADERMAP = NO;
				WARNING_CFLAGS = (
					"-Wmost",
					"-Wno-four-char-constants",
					"-Wno-unknown-pragmas",
					"$(inherited)",
				);
			};
			name = Debug;
		};
		D5BFF0E653634939B3E8B3D1 /* MinSizeRel */ = {
			isa = XCBuildConfiguration;
			buildSettings = {
				COMBINE_HIDPI_IMAGES = YES;
				GCC_GENERATE_DEBUGGING_SYMBOLS = YES;
				GCC_INLINES_ARE_PRIVATE_EXTERN = NO;
				GCC_OPTIMIZATION_LEVEL = 0;
				GCC_PREPROCESSOR_DEFINITIONS = "'CMAKE_INTDIR=\"$(CONFIGURATION)$(EFFECTIVE_PLATFORM_NAME)\"'";
				GCC_SYMBOLS_PRIVATE_EXTERN = NO;
				INSTALL_PATH = "";
				OTHER_LDFLAGS = " ";
				OTHER_REZFLAGS = "";
				PRODUCT_NAME = ZERO_CHECK;
				SECTORDER_FLAGS = "";
				SYMROOT = "/Users/Charles/Library/Mobile Documents/com~apple~CloudDocs/Project/Graphics_from_AtoZ";
				USE_HEADERMAP = NO;
				WARNING_CFLAGS = (
					"-Wmost",
					"-Wno-four-char-constants",
					"-Wno-unknown-pragmas",
					"$(inherited)",
				);
			};
			name = MinSizeRel;
		};
		D9FF502141CC4955817703C8 /* Debug */ = {
			isa = XCBuildConfiguration;
			buildSettings = {
				ONLY_ACTIVE_ARCH = YES;
				SDKROOT = /Applications/Xcode.app/Contents/Developer/Platforms/MacOSX.platform/Developer/SDKs/MacOSX10.14.sdk;
				SYMROOT = "/Users/Charles/Library/Mobile Documents/com~apple~CloudDocs/Project/Graphics_from_AtoZ/build";
			};
			name = Debug;
		};
		DB5471D1333E469E94DBEA5E /* RelWithDebInfo */ = {
			isa = XCBuildConfiguration;
			buildSettings = {
				COMBINE_HIDPI_IMAGES = YES;
				EXECUTABLE_PREFIX = "";
				EXECUTABLE_SUFFIX = "";
				GCC_GENERATE_DEBUGGING_SYMBOLS = YES;
				GCC_INLINES_ARE_PRIVATE_EXTERN = NO;
				GCC_OPTIMIZATION_LEVEL = 2;
				GCC_PREPROCESSOR_DEFINITIONS = "'CMAKE_INTDIR=\"$(CONFIGURATION)$(EFFECTIVE_PLATFORM_NAME)\"'";
				GCC_SYMBOLS_PRIVATE_EXTERN = NO;
				HEADER_SEARCH_PATHS = /usr/X11R6/include;
				INSTALL_PATH = "";
				LIBRARY_SEARCH_PATHS = "";
				OTHER_CPLUSPLUSFLAGS = "       -DNDEBUG  ";
				OTHER_LDFLAGS = (
					"-Wl,-search_paths_first",
					"-Wl,-headerpad_max_install_names",
					"-framework",
					OpenGL,
					"-framework",
					OpenGL,
					"-framework",
					GLUT,
					"-framework",
					Cocoa,
				);
				OTHER_REZFLAGS = "";
				PRODUCT_NAME = Staurn;
				SECTORDER_FLAGS = "";
				SYMROOT = "/Users/Charles/Library/Mobile Documents/com~apple~CloudDocs/Project/Graphics_from_AtoZ";
				USE_HEADERMAP = NO;
				WARNING_CFLAGS = (
					"-Wmost",
					"-Wno-four-char-constants",
					"-Wno-unknown-pragmas",
					"$(inherited)",
				);
			};
			name = RelWithDebInfo;
		};
		FB6E1CB1E3534BBEB648561D /* Release */ = {
			isa = XCBuildConfiguration;
			buildSettings = {
				COMBINE_HIDPI_IMAGES = YES;
				GCC_GENERATE_DEBUGGING_SYMBOLS = YES;
				GCC_INLINES_ARE_PRIVATE_EXTERN = NO;
				GCC_OPTIMIZATION_LEVEL = 0;
				GCC_PREPROCESSOR_DEFINITIONS = "'CMAKE_INTDIR=\"$(CONFIGURATION)$(EFFECTIVE_PLATFORM_NAME)\"'";
				GCC_SYMBOLS_PRIVATE_EXTERN = NO;
				INSTALL_PATH = "";
				OTHER_LDFLAGS = " ";
				OTHER_REZFLAGS = "";
				PRODUCT_NAME = ZERO_CHECK;
				SECTORDER_FLAGS = "";
				SYMROOT = "/Users/Charles/Library/Mobile Documents/com~apple~CloudDocs/Project/Graphics_from_AtoZ";
				USE_HEADERMAP = NO;
				WARNING_CFLAGS = (
					"-Wmost",
					"-Wno-four-char-constants",
					"-Wno-unknown-pragmas",
					"$(inherited)",
				);
			};
			name = Release;
		};
/* End XCBuildConfiguration section */

/* Begin XCConfigurationList section */
		48E3D24AFAAF4FA1863E582A /* Build configuration list for PBXNativeTarget "Staurn" */ = {
			isa = XCConfigurationList;
			buildConfigurations = (
				41204B42E3C644A8ABD45912 /* Debug */,
				C5E063F40C554966A25F20DB /* Release */,
				4BD1602B9D85423193782593 /* MinSizeRel */,
				DB5471D1333E469E94DBEA5E /* RelWithDebInfo */,
			);
			defaultConfigurationIsVisible = 0;
			defaultConfigurationName = Debug;
		};
		B4DA3206FDD844C9B9EAF6C8 /* Build configuration list for PBXAggregateTarget "ALL_BUILD" */ = {
			isa = XCConfigurationList;
			buildConfigurations = (
				2A6ABA41A9194E28B9E3A738 /* Debug */,
				5156635217264B7B91A5FEBE /* Release */,
				69DDB4C6553649D086B41616 /* MinSizeRel */,
				881DBCEEA4374A2BB46B4D66 /* RelWithDebInfo */,
			);
			defaultConfigurationIsVisible = 0;
			defaultConfigurationName = Debug;
		};
		D64FE5AEE1AE4045BF5D4346 /* Build configuration list for PBXProject "Staurn" */ = {
			isa = XCConfigurationList;
			buildConfigurations = (
				D9FF502141CC4955817703C8 /* Debug */,
				9E8C618FE8AB4687899B072C /* Release */,
				AB5EA921455E4CCBA9850284 /* MinSizeRel */,
				A449DE856EBC4361A5AB9189 /* RelWithDebInfo */,
			);
			defaultConfigurationIsVisible = 0;
			defaultConfigurationName = Debug;
		};
		EADCDBB3D77D4D898D43CF8F /* Build configuration list for PBXAggregateTarget "ZERO_CHECK" */ = {
			isa = XCConfigurationList;
			buildConfigurations = (
				CD50F9B36E4F4001B83A45E5 /* Debug */,
				FB6E1CB1E3534BBEB648561D /* Release */,
				D5BFF0E653634939B3E8B3D1 /* MinSizeRel */,
				77927CC89EF44E87ADA6F380 /* RelWithDebInfo */,
			);
			defaultConfigurationIsVisible = 0;
			defaultConfigurationName = Debug;
		};
/* End XCConfigurationList section */
	};
	rootObject = 96B15C91160146B18688A721 /* Project object */;
}
